
Microsoft Visual Studio Solution File, Format Version 12.00
# Visual Studio Version 17
VisualStudioVersion = 17.7.34202.233
MinimumVisualStudioVersion = 10.0.40219.1
Project("{9A19103F-16F7-4668-BE54-9A1E7A4F7556}") = "WebUygulamaProje1", "WebUygulamaProje1.csproj", "{944B560B-5322-4CD5-AB12-3E6447442BA1}"
EndProject
Project("{FAE04EC0-301F-11D3-BF4B-00C04F79EFBC}") = "WebUygulamaProje1.Entity", "..\WebUygulamaProje1.Entity\WebUygulamaProje1.Entity.csproj", "{5719021F-3BEB-4D60-8E7C-FFCFA8E3C797}"
EndProject
Global
	GlobalSection(SolutionConfigurationPlatforms) = preSolution
		Debug|Any CPU = Debug|Any CPU
		Release|Any CPU = Release|Any CPU
	EndGlobalSection
	GlobalSection(ProjectConfigurationPlatforms) = postSolution
		{944B560B-5322-4CD5-AB12-3E6447442BA1}.Debug|Any CPU.ActiveCfg = Debug|Any CPU
		{944B560B-5322-4CD5-AB12-3E6447442BA1}.Debug|Any CPU.Build.0 = Debug|Any CPU
		{944B560B-5322-4CD5-AB12-3E6447442BA1}.Release|Any CPU.ActiveCfg = Release|Any CPU
		{944B560B-5322-4CD5-AB12-3E6447442BA1}.Release|Any CPU.Build.0 = Release|Any CPU
		{5719021F-3BEB-4D60-8E7C-FFCFA8E3C797}.Debug|Any CPU.ActiveCfg = Debug|Any CPU
		{5719021F-3BEB-4D60-8E7C-FFCFA8E3C797}.Debug|Any CPU.Build.0 = Debug|Any CPU
		{5719021F-3BEB-4D60-8E7C-FFCFA8E3C797}.Release|Any CPU.ActiveCfg = Release|Any CPU
		{5719021F-3BEB-4D60-8E7C-FFCFA8E3C797}.Release|Any CPU.Build.0 = Release|Any CPU
	EndGlobalSection
	GlobalSection(SolutionProperties) = preSolution
		HideSolutionNode = FALSE
	EndGlobalSection
	GlobalSection(ExtensibilityGlobals) = postSolution
		SolutionGuid = {03580480-B8F3-4179-B50D-EA5F31C2D59D}
	EndGlobalSection
EndGlobal
